
Microsoft Visual Studio Solution File, Format Version 12.00
# Visual Studio Version 17
VisualStudioVersion = 17.10.35122.118
MinimumVisualStudioVersion = 10.0.40219.1
Project("{FAE04EC0-301F-11D3-BF4B-00C04F79EFBC}") = "SuperHeroAPI-DotNet8", "SuperHeroAPI-DotNet8.csproj", "{8D805DFE-9410-468A-BE8F-E7791D6C465E}"
EndProject
Global
	GlobalSection(SolutionConfigurationPlatforms) = preSolution
		Debug|Any CPU = Debug|Any CPU
		Release|Any CPU = Release|Any CPU
	EndGlobalSection
	GlobalSection(ProjectConfigurationPlatforms) = postSolution
		{8D805DFE-9410-468A-BE8F-E7791D6C465E}.Debug|Any CPU.ActiveCfg = Debug|Any CPU
		{8D805DFE-9410-468A-BE8F-E7791D6C465E}.Debug|Any CPU.Build.0 = Debug|Any CPU
		{8D805DFE-9410-468A-BE8F-E7791D6C465E}.Release|Any CPU.ActiveCfg = Release|Any CPU
		{8D805DFE-9410-468A-BE8F-E7791D6C465E}.Release|Any CPU.Build.0 = Release|Any CPU
	EndGlobalSection
	GlobalSection(SolutionProperties) = preSolution
		HideSolutionNode = FALSE
	EndGlobalSection
	GlobalSection(ExtensibilityGlobals) = postSolution
		SolutionGuid = {81889B32-8F6E-4377-B252-E8910B653D9C}
	EndGlobalSection
EndGlobal
